// !$*UTF8*$!
{
	archiveVersion = 1;
	classes = {
	};
	objectVersion = 46;
	objects = {

/* Begin PBXBuildFile section */
		BA33DC681E38CE2B00585C90 /* PlayerCell.swift in Sources */ = {isa = PBXBuildFile; fileRef = BA33DC671E38CE2B00585C90 /* PlayerCell.swift */; };
		BA33DC6A1E3DA93200585C90 /* PlayerDetailsViewController.swift in Sources */ = {isa = PBXBuildFile; fileRef = BA33DC691E3DA93200585C90 /* PlayerDetailsViewController.swift */; };
		BA33DC6C1E41FD7100585C90 /* GamePickerViewController.swift in Sources */ = {isa = PBXBuildFile; fileRef = BA33DC6B1E41FD7100585C90 /* GamePickerViewController.swift */; };
		BAEA3EA51E361F420033D423 /* AppDelegate.swift in Sources */ = {isa = PBXBuildFile; fileRef = BAEA3EA41E361F420033D423 /* AppDelegate.swift */; };
		BAEA3EAA1E361F420033D423 /* Main.storyboard in Resources */ = {isa = PBXBuildFile; fileRef = BAEA3EA81E361F420033D423 /* Main.storyboard */; };
		BAEA3EAC1E361F420033D423 /* Assets.xcassets in Resources */ = {isa = PBXBuildFile; fileRef = BAEA3EAB1E361F420033D423 /* Assets.xcassets */; };
		BAEA3EAF1E361F420033D423 /* LaunchScreen.storyboard in Resources */ = {isa = PBXBuildFile; fileRef = BAEA3EAD1E361F420033D423 /* LaunchScreen.storyboard */; };
		BAEA3EB71E38C2100033D423 /* PlayersViewController.swift in Sources */ = {isa = PBXBuildFile; fileRef = BAEA3EB61E38C2100033D423 /* PlayersViewController.swift */; };
		BAEA3EB91E38C26E0033D423 /* Player.swift in Sources */ = {isa = PBXBuildFile; fileRef = BAEA3EB81E38C26E0033D423 /* Player.swift */; };
/* End PBXBuildFile section */

/* Begin PBXFileReference section */
		BA33DC671E38CE2B00585C90 /* PlayerCell.swift */ = {isa = PBXFileReference; fileEncoding = 4; lastKnownFileType = sourcecode.swift; path = PlayerCell.swift; sourceTree = "<group>"; };
		BA33DC691E3DA93200585C90 /* PlayerDetailsViewController.swift */ = {isa = PBXFileReference; fileEncoding = 4; lastKnownFileType = sourcecode.swift; path = PlayerDetailsViewController.swift; sourceTree = "<group>"; };
		BA33DC6B1E41FD7100585C90 /* GamePickerViewController.swift */ = {isa = PBXFileReference; fileEncoding = 4; lastKnownFileType = sourcecode.swift; path = GamePickerViewController.swift; sourceTree = "<group>"; };
		BAEA3EA11E361F420033D423 /* Ratings.app */ = {isa = PBXFileReference; explicitFileType = wrapper.application; includeInIndex = 0; path = Ratings.app; sourceTree = BUILT_PRODUCTS_DIR; };
		BAEA3EA41E361F420033D423 /* AppDelegate.swift */ = {isa = PBXFileReference; lastKnownFileType = sourcecode.swift; path = AppDelegate.swift; sourceTree = "<group>"; };
		BAEA3EA91E361F420033D423 /* Base */ = {isa = PBXFileReference; lastKnownFileType = file.storyboard; name = Base; path = Base.lproj/Main.storyboard; sourceTree = "<group>"; };
		BAEA3EAB1E361F420033D423 /* Assets.xcassets */ = {isa = PBXFileReference; lastKnownFileType = folder.assetcatalog; path = Assets.xcassets; sourceTree = "<group>"; };
		BAEA3EAE1E361F420033D423 /* Base */ = {isa = PBXFileReference; lastKnownFileType = file.storyboard; name = Base; path = Base.lproj/LaunchScreen.storyboard; sourceTree = "<group>"; };
		BAEA3EB01E361F420033D423 /* Info.plist */ = {isa = PBXFileReference; lastKnownFileType = text.plist.xml; path = Info.plist; sourceTree = "<group>"; };
		BAEA3EB61E38C2100033D423 /* PlayersViewController.swift */ = {isa = PBXFileReference; fileEncoding = 4; lastKnownFileType = sourcecode.swift; path = PlayersViewController.swift; sourceTree = "<group>"; };
		BAEA3EB81E38C26E0033D423 /* Player.swift */ = {isa = PBXFileReference; fileEncoding = 4; lastKnownFileType = sourcecode.swift; path = Player.swift; sourceTree = "<group>"; };
/* End PBXFileReference section */

/* Begin PBXFrameworksBuildPhase section */
		BAEA3E9E1E361F410033D423 /* Frameworks */ = {
			isa = PBXFrameworksBuildPhase;
			buildActionMask = 2147483647;
			files = (
			);
			runOnlyForDeploymentPostprocessing = 0;
		};
/* End PBXFrameworksBuildPhase section */

/* Begin PBXGroup section */
		BAEA3E981E361F410033D423 = {
			isa = PBXGroup;
			children = (
				BAEA3EA31E361F420033D423 /* Ratings */,
				BAEA3EA21E361F420033D423 /* Products */,
			);
			sourceTree = "<group>";
		};
		BAEA3EA21E361F420033D423 /* Products */ = {
			isa = PBXGroup;
			children = (
				BAEA3EA11E361F420033D423 /* Ratings.app */,
			);
			name = Products;
			sourceTree = "<group>";
		};
		BAEA3EA31E361F420033D423 /* Ratings */ = {
			isa = PBXGroup;
			children = (
				BAEA3EA41E361F420033D423 /* AppDelegate.swift */,
				BA33DC671E38CE2B00585C90 /* PlayerCell.swift */,
				BAEA3EB61E38C2100033D423 /* PlayersViewController.swift */,
				BAEA3EB81E38C26E0033D423 /* Player.swift */,
				BA33DC691E3DA93200585C90 /* PlayerDetailsViewController.swift */,
				BA33DC6B1E41FD7100585C90 /* GamePickerViewController.swift */,
				BAEA3EA81E361F420033D423 /* Main.storyboard */,
				BAEA3EAB1E361F420033D423 /* Assets.xcassets */,
				BAEA3EAD1E361F420033D423 /* LaunchScreen.storyboard */,
				BAEA3EB01E361F420033D423 /* Info.plist */,
			);
			path = Ratings;
			sourceTree = "<group>";
		};
/* End PBXGroup section */

/* Begin PBXNativeTarget section */
		BAEA3EA01E361F410033D423 /* Ratings */ = {
			isa = PBXNativeTarget;
			buildConfigurationList = BAEA3EB31E361F420033D423 /* Build configuration list for PBXNativeTarget "Ratings" */;
			buildPhases = (
				BAEA3E9D1E361F410033D423 /* Sources */,
				BAEA3E9E1E361F410033D423 /* Frameworks */,
				BAEA3E9F1E361F410033D423 /* Resources */,
			);
			buildRules = (
			);
			dependencies = (
			);
			name = Ratings;
			productName = Ratings;
			productReference = BAEA3EA11E361F420033D423 /* Ratings.app */;
			productType = "com.apple.product-type.application";
		};
/* End PBXNativeTarget section */

/* Begin PBXProject section */
		BAEA3E991E361F410033D423 /* Project object */ = {
			isa = PBXProject;
			attributes = {
				LastSwiftUpdateCheck = 0820;
				LastUpgradeCheck = 0820;
				ORGANIZATIONNAME = HaYoung;
				TargetAttributes = {
					BAEA3EA01E361F410033D423 = {
						CreatedOnToolsVersion = 8.2.1;
						ProvisioningStyle = Automatic;
					};
				};
			};
			buildConfigurationList = BAEA3E9C1E361F410033D423 /* Build configuration list for PBXProject "Ratings" */;
			compatibilityVersion = "Xcode 3.2";
			developmentRegion = English;
			hasScannedForEncodings = 0;
			knownRegions = (
				en,
				Base,
			);
			mainGroup = BAEA3E981E361F410033D423;
			productRefGroup = BAEA3EA21E361F420033D423 /* Products */;
			projectDirPath = "";
			projectRoot = "";
			targets = (
				BAEA3EA01E361F410033D423 /* Ratings */,
			);
		};
/* End PBXProject section */

/* Begin PBXResourcesBuildPhase section */
		BAEA3E9F1E361F410033D423 /* Resources */ = {
			isa = PBXResourcesBuildPhase;
			buildActionMask = 2147483647;
			files = (
				BAEA3EAF1E361F420033D423 /* LaunchScreen.storyboard in Resources */,
				BAEA3EAC1E361F420033D423 /* Assets.xcassets in Resources */,
				BAEA3EAA1E361F420033D423 /* Main.storyboard in Resources */,
			);
			runOnlyForDeploymentPostprocessing = 0;
		};
/* End PBXResourcesBuildPhase section */

/* Begin PBXSourcesBuildPhase section */
		BAEA3E9D1E361F410033D423 /* Sources */ = {
			isa = PBXSourcesBuildPhase;
			buildActionMask = 2147483647;
			files = (
				BAEA3EB91E38C26E0033D423 /* Player.swift in Sources */,
				BAEA3EA51E361F420033D423 /* AppDelegate.swift in Sources */,
				BA33DC6C1E41FD7100585C90 /* GamePickerViewController.swift in Sources */,
				BAEA3EB71E38C2100033D423 /* PlayersViewController.swift in Sources */,
				BA33DC6A1E3DA93200585C90 /* PlayerDetailsViewController.swift in Sources */,
				BA33DC681E38CE2B00585C90 /* PlayerCell.swift in Sources */,
			);
			runOnlyForDeploymentPostprocessing = 0;
		};
/* End PBXSourcesBuildPhase section */

/* Begin PBXVariantGroup section */
		BAEA3EA81E361F420033D423 /* Main.storyboard */ = {
			isa = PBXVariantGroup;
			children = (
				BAEA3EA91E361F420033D423 /* Base */,
			);
			name = Main.storyboard;
			sourceTree = "<group>";
		};
		BAEA3EAD1E361F420033D423 /* LaunchScreen.storyboard */ = {
			isa = PBXVariantGroup;
			children = (
				BAEA3EAE1E361F420033D423 /* Base */,
			);
			name = LaunchScreen.storyboard;
			sourceTree = "<group>";
		};
/* End PBXVariantGroup section */

/* Begin XCBuildConfiguration section */
		BAEA3EB11E361F420033D423 /* Debug */ = {
			isa = XCBuildConfiguration;
			buildSettings = {
				ALWAYS_SEARCH_USER_PATHS = NO;
				CLANG_ANALYZER_NONNULL = YES;
				CLANG_CXX_LANGUAGE_STANDARD = "gnu++0x";
				CLANG_CXX_LIBRARY = "libc++";
				CLANG_ENABLE_MODULES = YES;
				CLANG_ENABLE_OBJC_ARC = YES;
				CLANG_WARN_BOOL_CONVERSION = YES;
				CLANG_WARN_CONSTANT_CONVERSION = YES;
				CLANG_WARN_DIRECT_OBJC_ISA_USAGE = YES_ERROR;
				CLANG_WARN_DOCUMENTATION_COMMENTS = YES;
				CLANG_WARN_EMPTY_BODY = YES;
				CLANG_WARN_ENUM_CONVERSION = YES;
				CLANG_WARN_INFINITE_RECURSION = YES;
				CLANG_WARN_INT_CONVERSION = YES;
				CLANG_WARN_OBJC_ROOT_CLASS = YES_ERROR;
				CLANG_WARN_SUSPICIOUS_MOVE = YES;
				CLANG_WARN_UNREACHABLE_CODE = YES;
				CLANG_WARN__DUPLICATE_METHOD_MATCH = YES;
				"CODE_SIGN_IDENTITY[sdk=iphoneos*]" = "iPhone Developer";
				COPY_PHASE_STRIP = NO;
				DEBUG_INFORMATION_FORMAT = dwarf;
				ENABLE_STRICT_OBJC_MSGSEND = YES;
				ENABLE_TESTABILITY = YES;
				GCC_C_LANGUAGE_STANDARD = gnu99;
				GCC_DYNAMIC_NO_PIC = NO;
				GCC_NO_COMMON_BLOCKS = YES;
				GCC_OPTIMIZATION_LEVEL = 0;
				GCC_PREPROCESSOR_DEFINITIONS = (
					"DEBUG=1",
					"$(inherited)",
				);
				GCC_WARN_64_TO_32_BIT_CONVERSION = YES;
				GCC_WARN_ABOUT_RETURN_TYPE = YES_ERROR;
				GCC_WARN_UNDECLARED_SELECTOR = YES;
				GCC_WARN_UNINITIALIZED_AUTOS = YES_AGGRESSIVE;
				GCC_WARN_UNUSED_FUNCTION = YES;
				GCC_WARN_UNUSED_VARIABLE = YES;
				IPHONEOS_DEPLOYMENT_TARGET = 10.2;
				MTL_ENABLE_DEBUG_INFO = YES;
				ONLY_ACTIVE_ARCH = YES;
				SDKROOT = iphoneos;
				SWIFT_ACTIVE_COMPILATION_CONDITIONS = DEBUG;
				SWIFT_OPTIMIZATION_LEVEL = "-Onone";
			};
			name = Debug;
		};
		BAEA3EB21E361F420033D423 /* Release */ = {
			isa = XCBuildConfiguration;
			buildSettings = {
				ALWAYS_SEARCH_USER_PATHS = NO;
				CLANG_ANALYZER_NONNULL = YES;
				CLANG_CXX_LANGUAGE_STANDARD = "gnu++0x";
				CLANG_CXX_LIBRARY = "libc++";
				CLANG_ENABLE_MODULES = YES;
				CLANG_ENABLE_OBJC_ARC = YES;
				CLANG_WARN_BOOL_CONVERSION = YES;
				CLANG_WARN_CONSTANT_CONVERSION = YES;
				CLANG_WARN_DIRECT_OBJC_ISA_USAGE = YES_ERROR;
				CLANG_WARN_DOCUMENTATION_COMMENTS = YES;
				CLANG_WARN_EMPTY_BODY = YES;
				CLANG_WARN_ENUM_CONVERSION = YES;
				CLANG_WARN_INFINITE_RECURSION = YES;
				CLANG_WARN_INT_CONVERSION = YES;
				CLANG_WARN_OBJC_ROOT_CLASS = YES_ERROR;
				CLANG_WARN_SUSPICIOUS_MOVE = YES;
				CLANG_WARN_UNREACHABLE_CODE = YES;
				CLANG_WARN__DUPLICATE_METHOD_MATCH = YES;
				"CODE_SIGN_IDENTITY[sdk=iphoneos*]" = "iPhone Developer";
				COPY_PHASE_STRIP = NO;
				DEBUG_INFORMATION_FORMAT = "dwarf-with-dsym";
				ENABLE_NS_ASSERTIONS = NO;
				ENABLE_STRICT_OBJC_MSGSEND = YES;
				GCC_C_LANGUAGE_STANDARD = gnu99;
				GCC_NO_COMMON_BLOCKS = YES;
				GCC_WARN_64_TO_32_BIT_CONVERSION = YES;
				GCC_WARN_ABOUT_RETURN_TYPE = YES_ERROR;
				GCC_WARN_UNDECLARED_SELECTOR = YES;
				GCC_WARN_UNINITIALIZED_AUTOS = YES_AGGRESSIVE;
				GCC_WARN_UNUSED_FUNCTION = YES;
				GCC_WARN_UNUSED_VARIABLE = YES;
				IPHONEOS_DEPLOYMENT_TARGET = 10.2;
				MTL_ENABLE_DEBUG_INFO = NO;
				SDKROOT = iphoneos;
				SWIFT_OPTIMIZATION_LEVEL = "-Owholemodule";
				VALIDATE_PRODUCT = YES;
			};
			name = Release;
		};
		BAEA3EB41E361F420033D423 /* Debug */ = {
			isa = XCBuildConfiguration;
			buildSettings = {
				ASSETCATALOG_COMPILER_APPICON_NAME = AppIcon;
				INFOPLIST_FILE = Ratings/Info.plist;
				LD_RUNPATH_SEARCH_PATHS = "$(inherited) @executable_path/Frameworks";
				PRODUCT_BUNDLE_IDENTIFIER = hayoung.Ratings;
				PRODUCT_NAME = "$(TARGET_NAME)";
				SWIFT_VERSION = 3.0;
			};
			name = Debug;
		};
		BAEA3EB51E361F420033D423 /* Release */ = {
			isa = XCBuildConfiguration;
			buildSettings = {
				ASSETCATALOG_COMPILER_APPICON_NAME = AppIcon;
				INFOPLIST_FILE = Ratings/Info.plist;
				LD_RUNPATH_SEARCH_PATHS = "$(inherited) @executable_path/Frameworks";
				PRODUCT_BUNDLE_IDENTIFIER = hayoung.Ratings;
				PRODUCT_NAME = "$(TARGET_NAME)";
				SWIFT_VERSION = 3.0;
			};
			name = Release;
		};
/* End XCBuildConfiguration section */

/* Begin XCConfigurationList section */
		BAEA3E9C1E361F410033D423 /* Build configuration list for PBXProject "Ratings" */ = {
			isa = XCConfigurationList;
			buildConfigurations = (
				BAEA3EB11E361F420033D423 /* Debug */,
				BAEA3EB21E361F420033D423 /* Release */,
			);
			defaultConfigurationIsVisible = 0;
			defaultConfigurationName = Release;
		};
		BAEA3EB31E361F420033D423 /* Build configuration list for PBXNativeTarget "Ratings" */ = {
			isa = XCConfigurationList;
			buildConfigurations = (
				BAEA3EB41E361F420033D423 /* Debug */,
				BAEA3EB51E361F420033D423 /* Release */,
			);
			defaultConfigurationIsVisible = 0;
			defaultConfigurationName = Release;
		};
/* End XCConfigurationList section */
	};
	rootObject = BAEA3E991E361F410033D423 /* Project object */;
}
